
Microsoft Visual Studio Solution File, Format Version 12.00
# Visual Studio Version 16
VisualStudioVersion = 16.0.30621.155
MinimumVisualStudioVersion = 10.0.40219.1
Project("{8BC9CEB8-8B4A-11D0-8D11-00A0C91BC942}") = "TinyRayTracer", "TinyRayTracer\TinyRayTracer.vcxproj", "{132FFF59-AA16-4979-9612-BC8A24288B30}"
EndProject
Global
	GlobalSection(SolutionConfigurationPlatforms) = preSolution
		Debug|x64 = Debug|x64
		Debug|x86 = Debug|x86
		Release|x64 = Release|x64
		Release|x86 = Release|x86
	EndGlobalSection
	GlobalSection(ProjectConfigurationPlatforms) = postSolution
		{132FFF59-AA16-4979-9612-BC8A24288B30}.Debug|x64.ActiveCfg = Debug|x64
		{132FFF59-AA16-4979-9612-BC8A24288B30}.Debug|x64.Build.0 = Debug|x64
		{132FFF59-AA16-4979-9612-BC8A24288B30}.Debug|x86.ActiveCfg = Debug|Win32
		{132FFF59-AA16-4979-9612-BC8A24288B30}.Debug|x86.Build.0 = Debug|Win32
		{132FFF59-AA16-4979-9612-BC8A24288B30}.Release|x64.ActiveCfg = Release|x64
		{132FFF59-AA16-4979-9612-BC8A24288B30}.Release|x64.Build.0 = Release|x64
		{132FFF59-AA16-4979-9612-BC8A24288B30}.Release|x86.ActiveCfg = Release|Win32
		{132FFF59-AA16-4979-9612-BC8A24288B30}.Release|x86.Build.0 = Release|Win32
	EndGlobalSection
	GlobalSection(SolutionProperties) = preSolution
		HideSolutionNode = FALSE
	EndGlobalSection
	GlobalSection(ExtensibilityGlobals) = postSolution
		SolutionGuid = {A6098C03-820B-4958-8238-36C614D326F9}
	EndGlobalSection
EndGlobal
